{
	"name": "@schlechtenburg/paragraph",
	"version": "0.0.0",
	"lockfileVersion": 1,
	"requires": true,
	"dependencies": {
		"undefined": {
			"version": "file:../blocks",
			"requires": {
				"undefined": "file:../blocks"
			},
			"dependencies": {
				"undefined": {
					"version": "file:../blocks",
					"dev": true,
					"requires": {
						"undefined": "file:../blocks"
					}
				}
			}
		}
	}
}
